
Microsoft Visual Studio Solution File, Format Version 12.00
# Visual Studio 15
VisualStudioVersion = 15.0.28307.106
MinimumVisualStudioVersion = 10.0.40219.1
Project("{F184B08F-C81C-45F6-A57F-5ABD9991F28F}") = "DrawLots", "DrawLots\DrawLots.vbproj", "{350E7312-7432-40AD-9A6C-657EC0B17488}"
EndProject
Global
	GlobalSection(SolutionConfigurationPlatforms) = preSolution
		Debug|Any CPU = Debug|Any CPU
		Release|Any CPU = Release|Any CPU
	EndGlobalSection
	GlobalSection(ProjectConfigurationPlatforms) = postSolution
		{350E7312-7432-40AD-9A6C-657EC0B17488}.Debug|Any CPU.ActiveCfg = Debug|Any CPU
		{350E7312-7432-40AD-9A6C-657EC0B17488}.Debug|Any CPU.Build.0 = Debug|Any CPU
		{350E7312-7432-40AD-9A6C-657EC0B17488}.Release|Any CPU.ActiveCfg = Release|Any CPU
		{350E7312-7432-40AD-9A6C-657EC0B17488}.Release|Any CPU.Build.0 = Release|Any CPU
	EndGlobalSection
	GlobalSection(SolutionProperties) = preSolution
		HideSolutionNode = FALSE
	EndGlobalSection
	GlobalSection(ExtensibilityGlobals) = postSolution
		SolutionGuid = {DC3249E9-DA22-473A-98ED-2B7DCA97BD61}
	EndGlobalSection
EndGlobal
